{
  "name": "wx",
  "version": "1.0.0",
  "lockfileVersion": 1,
  "requires": true,
  "dependencies": {
    "signature_pad": {
      "version": "3.0.0-beta.3",
      "resolved": "https://registry.npmjs.org/signature_pad/-/signature_pad-3.0.0-beta.3.tgz",
      "integrity": "sha512-qBFUr24eH3twi3rNwLPW7XRSZs8l76r4C/ndh5Yby97x8v0wtYs4HPbbIRwuPwEIcZ01QTPKbizc/OumdisEBQ=="
    }
  }
}
